
Microsoft Visual Studio Solution File, Format Version 12.00
# Visual Studio Version 17
VisualStudioVersion = 17.2.32630.192
MinimumVisualStudioVersion = 10.0.40219.1
Project("{FAE04EC0-301F-11D3-BF4B-00C04F79EFBC}") = "SQL_CS", "SQL_CS.csproj", "{EA24833E-E1FD-47B8-BA07-E84BA902B1AA}"
EndProject
Global
	GlobalSection(SolutionConfigurationPlatforms) = preSolution
		Debug|Any CPU = Debug|Any CPU
		Release|Any CPU = Release|Any CPU
	EndGlobalSection
	GlobalSection(ProjectConfigurationPlatforms) = postSolution
		{EA24833E-E1FD-47B8-BA07-E84BA902B1AA}.Debug|Any CPU.ActiveCfg = Debug|Any CPU
		{EA24833E-E1FD-47B8-BA07-E84BA902B1AA}.Debug|Any CPU.Build.0 = Debug|Any CPU
		{EA24833E-E1FD-47B8-BA07-E84BA902B1AA}.Release|Any CPU.ActiveCfg = Release|Any CPU
		{EA24833E-E1FD-47B8-BA07-E84BA902B1AA}.Release|Any CPU.Build.0 = Release|Any CPU
	EndGlobalSection
	GlobalSection(SolutionProperties) = preSolution
		HideSolutionNode = FALSE
	EndGlobalSection
	GlobalSection(ExtensibilityGlobals) = postSolution
		SolutionGuid = {6F9A0DF1-5A10-462F-8659-B3BFD832703A}
	EndGlobalSection
EndGlobal
